[[package]]
name = "backtrace"
version = "0.3.12"
source = "registry+https://github.com/rust-lang/crates.io-index"
dependencies = [
 "backtrace-sys 0.1.24 (registry+https://github.com/rust-lang/crates.io-index)",
 "cfg-if 0.1.6 (registry+https://github.com/rust-lang/crates.io-index)",
 "libc 0.2.45 (registry+https://github.com/rust-lang/crates.io-index)",
 "rustc-demangle 0.1.9 (registry+https://github.com/rust-lang/crates.io-index)",
 "winapi 0.3.6 (registry+https://github.com/rust-lang/crates.io-index)",
]

[[package]]
name = "backtrace-sys"
version = "0.1.24"
source = "registry+https://github.com/rust-lang/crates.io-index"
dependencies = [
 "cc 1.0.26 (registry+https://github.com/rust-lang/crates.io-index)",
 "libc 0.2.45 (registry+https://github.com/rust-lang/crates.io-index)",
]

[[package]]
name = "cc"
version = "1.0.26"
source = "registry+https://github.com/rust-lang/crates.io-index"

[[package]]
name = "cfg-if"
version = "0.1.6"
source = "registry+https://github.com/rust-lang/crates.io-index"

[[package]]
name = "error-chain"
version = "0.12.0"
source = "registry+https://github.com/rust-lang/crates.io-index"
dependencies = [
 "backtrace 0.3.12 (registry+https://github.com/rust-lang/crates.io-index)",
]

[[package]]
name = "libc"
version = "0.2.45"
source = "registry+https://github.com/rust-lang/crates.io-index"

[[package]]
name = "rsmt2"
version = "0.10.0"
dependencies = [
 "error-chain 0.12.0 (registry+https://github.com/rust-lang/crates.io-index)",
]

[[package]]
name = "rustc-demangle"
version = "0.1.9"
source = "registry+https://github.com/rust-lang/crates.io-index"

[[package]]
name = "winapi"
version = "0.3.6"
source = "registry+https://github.com/rust-lang/crates.io-index"
dependencies = [
 "winapi-i686-pc-windows-gnu 0.4.0 (registry+https://github.com/rust-lang/crates.io-index)",
 "winapi-x86_64-pc-windows-gnu 0.4.0 (registry+https://github.com/rust-lang/crates.io-index)",
]

[[package]]
name = "winapi-i686-pc-windows-gnu"
version = "0.4.0"
source = "registry+https://github.com/rust-lang/crates.io-index"

[[package]]
name = "winapi-x86_64-pc-windows-gnu"
version = "0.4.0"
source = "registry+https://github.com/rust-lang/crates.io-index"

[metadata]
"checksum backtrace 0.3.12 (registry+https://github.com/rust-lang/crates.io-index)" = "a2eff3830839471718ef8522b9025b399bfb713e25bc220da721364efb660d7d"
"checksum backtrace-sys 0.1.24 (registry+https://github.com/rust-lang/crates.io-index)" = "c66d56ac8dabd07f6aacdaf633f4b8262f5b3601a810a0dcddffd5c22c69daa0"
"checksum cc 1.0.26 (registry+https://github.com/rust-lang/crates.io-index)" = "389803e36973d242e7fecb092b2de44a3d35ac62524b3b9339e51d577d668e02"
"checksum cfg-if 0.1.6 (registry+https://github.com/rust-lang/crates.io-index)" = "082bb9b28e00d3c9d39cc03e64ce4cea0f1bb9b3fde493f0cbc008472d22bdf4"
"checksum error-chain 0.12.0 (registry+https://github.com/rust-lang/crates.io-index)" = "07e791d3be96241c77c43846b665ef1384606da2cd2a48730abe606a12906e02"
"checksum libc 0.2.45 (registry+https://github.com/rust-lang/crates.io-index)" = "2d2857ec59fadc0773853c664d2d18e7198e83883e7060b63c924cb077bd5c74"
"checksum rustc-demangle 0.1.9 (registry+https://github.com/rust-lang/crates.io-index)" = "bcfe5b13211b4d78e5c2cadfebd7769197d95c639c35a50057eb4c05de811395"
"checksum winapi 0.3.6 (registry+https://github.com/rust-lang/crates.io-index)" = "92c1eb33641e276cfa214a0522acad57be5c56b10cb348b3c5117db75f3ac4b0"
"checksum winapi-i686-pc-windows-gnu 0.4.0 (registry+https://github.com/rust-lang/crates.io-index)" = "ac3b87c63620426dd9b991e5ce0329eff545bccbbb34f3be09ff6fb6ab51b7b6"
"checksum winapi-x86_64-pc-windows-gnu 0.4.0 (registry+https://github.com/rust-lang/crates.io-index)" = "712e227841d057c1ee1cd2fb22fa7e5a5461ae8e48fa2ca79ec42cfc1931183f"
